
Microsoft Visual Studio Solution File, Format Version 12.00
# Visual Studio 15
VisualStudioVersion = 15.0.26430.12
MinimumVisualStudioVersion = 10.0.40219.1
Project("{FAE04EC0-301F-11D3-BF4B-00C04F79EFBC}") = "MuTTY", "MuTTY.csproj", "{E8B40C3C-6D91-4ECC-9A04-6A367DC87349}"
EndProject
Project("{8BC9CEB8-8B4A-11D0-8D11-00A0C91BC942}") = "MuTTY32", "..\MuTTY32\MuTTY32.vcxproj", "{3482FB20-2133-4F86-B092-CC7912E5D022}"
EndProject
Global
	GlobalSection(SolutionConfigurationPlatforms) = preSolution
		Debug|Any CPU = Debug|Any CPU
		Debug|x64 = Debug|x64
		Debug|x86 = Debug|x86
		Release|Any CPU = Release|Any CPU
		Release|x64 = Release|x64
		Release|x86 = Release|x86
	EndGlobalSection
	GlobalSection(ProjectConfigurationPlatforms) = postSolution
		{E8B40C3C-6D91-4ECC-9A04-6A367DC87349}.Debug|Any CPU.ActiveCfg = Debug|Any CPU
		{E8B40C3C-6D91-4ECC-9A04-6A367DC87349}.Debug|Any CPU.Build.0 = Debug|Any CPU
		{E8B40C3C-6D91-4ECC-9A04-6A367DC87349}.Debug|x64.ActiveCfg = Debug|Any CPU
		{E8B40C3C-6D91-4ECC-9A04-6A367DC87349}.Debug|x64.Build.0 = Debug|Any CPU
		{E8B40C3C-6D91-4ECC-9A04-6A367DC87349}.Debug|x86.ActiveCfg = Debug|Any CPU
		{E8B40C3C-6D91-4ECC-9A04-6A367DC87349}.Debug|x86.Build.0 = Debug|Any CPU
		{E8B40C3C-6D91-4ECC-9A04-6A367DC87349}.Release|Any CPU.ActiveCfg = Release|Any CPU
		{E8B40C3C-6D91-4ECC-9A04-6A367DC87349}.Release|Any CPU.Build.0 = Release|Any CPU
		{E8B40C3C-6D91-4ECC-9A04-6A367DC87349}.Release|x64.ActiveCfg = Release|Any CPU
		{E8B40C3C-6D91-4ECC-9A04-6A367DC87349}.Release|x64.Build.0 = Release|Any CPU
		{E8B40C3C-6D91-4ECC-9A04-6A367DC87349}.Release|x86.ActiveCfg = Release|Any CPU
		{E8B40C3C-6D91-4ECC-9A04-6A367DC87349}.Release|x86.Build.0 = Release|Any CPU
		{3482FB20-2133-4F86-B092-CC7912E5D022}.Debug|Any CPU.ActiveCfg = Debug|Win32
		{3482FB20-2133-4F86-B092-CC7912E5D022}.Debug|Any CPU.Build.0 = Debug|Win32
		{3482FB20-2133-4F86-B092-CC7912E5D022}.Debug|x64.ActiveCfg = Debug|x64
		{3482FB20-2133-4F86-B092-CC7912E5D022}.Debug|x64.Build.0 = Debug|x64
		{3482FB20-2133-4F86-B092-CC7912E5D022}.Debug|x86.ActiveCfg = Debug|Win32
		{3482FB20-2133-4F86-B092-CC7912E5D022}.Debug|x86.Build.0 = Debug|Win32
		{3482FB20-2133-4F86-B092-CC7912E5D022}.Release|Any CPU.ActiveCfg = Release|Win32
		{3482FB20-2133-4F86-B092-CC7912E5D022}.Release|x64.ActiveCfg = Release|x64
		{3482FB20-2133-4F86-B092-CC7912E5D022}.Release|x64.Build.0 = Release|x64
		{3482FB20-2133-4F86-B092-CC7912E5D022}.Release|x86.ActiveCfg = Release|Win32
		{3482FB20-2133-4F86-B092-CC7912E5D022}.Release|x86.Build.0 = Release|Win32
	EndGlobalSection
	GlobalSection(SolutionProperties) = preSolution
		HideSolutionNode = FALSE
	EndGlobalSection
EndGlobal
